dependencies:
- name: frontend
  repository: file://charts/frontend
  version: 0.1.0
- name: backend
  repository: file://charts/backend
  version: 0.1.0
- name: mongo
  repository: file://charts/mongo
  version: 0.1.0
digest: sha256:705fc3b46ab8f7444f7548db24e12e3ff439520155b9a8bbe9206d5bb038f139
generated: "2025-10-09T14:22:18.686015758+02:00"
